{
  "originHash" : "d6aa9339a000b8fd737df7d5c308febc027d8f719a0e11ee3b25b8ce5ba7513b",
  "pins" : [
    {
      "identity" : "lottie-spm",
      "kind" : "remoteSourceControl",
      "location" : "https://github.com/airbnb/lottie-spm.git",
      "state" : {
        "revision" : "0aff16288f8dc1e3dab35cbf5cf45979673fd3df",
        "version" : "4.6.1"
      }
    },
    {
      "identity" : "smart-tv-remote-swift",
      "kind" : "remoteSourceControl",
      "location" : "https://github.com/yuri-rod/smart-tv-remote-swift.git",
      "state" : {
        "revision" : "731112ea438040b8f3dbc6b1f2b5df6cb3b9e7ea",
        "version" : "1.2.0"
      }
    }
  ],
  "version" : 3
}
