{
  "originHash" : "4450cd424bf4a10cdc107218f9edcea46e70e23ecef27ac4f13a400f2f2b24d2",
  "pins" : [
    {
      "identity" : "lottie-spm",
      "kind" : "remoteSourceControl",
      "location" : "https://github.com/airbnb/lottie-spm.git",
      "state" : {
        "revision" : "0aff16288f8dc1e3dab35cbf5cf45979673fd3df",
        "version" : "4.6.1"
      }
    },
    {
      "identity" : "purchases-ios",
      "kind" : "remoteSourceControl",
      "location" : "https://github.com/RevenueCat/purchases-ios",
      "state" : {
        "revision" : "1152c719f7b35f86d16a2d0053aba9d26972a962",
        "version" : "5.94.0"
      }
    },
    {
      "identity" : "smart-tv-remote-swift",
      "kind" : "remoteSourceControl",
      "location" : "https://github.com/yuri-rod/smart-tv-remote-swift.git",
      "state" : {
        "revision" : "731112ea438040b8f3dbc6b1f2b5df6cb3b9e7ea",
        "version" : "1.2.0"
      }
    }
  ],
  "version" : 3
}
